// !$*UTF8*$!
{
	archiveVersion = 1;
	classes = {
	};
	objectVersion = 46;
	objects = {

/* Begin PBXBuildFile section */
		100DA5C01AFE5EDA000A8DCE /* AppDelegate.swift in Sources */ = {isa = PBXBuildFile; fileRef = 100DA5BF1AFE5EDA000A8DCE /* AppDelegate.swift */; };
		100DA5C21AFE5EDA000A8DCE /* ViewController.swift in Sources */ = {isa = PBXBuildFile; fileRef = 100DA5C11AFE5EDA000A8DCE /* ViewController.swift */; };
		100DA5C51AFE5EDA000A8DCE /* Main.storyboard in Resources */ = {isa = PBXBuildFile; fileRef = 100DA5C31AFE5EDA000A8DCE /* Main.storyboard */; };
		100DA5C71AFE5EDA000A8DCE /* Images.xcassets in Resources */ = {isa = PBXBuildFile; fileRef = 100DA5C61AFE5EDA000A8DCE /* Images.xcassets */; };
		100DA5CA1AFE5EDA000A8DCE /* LaunchScreen.xib in Resources */ = {isa = PBXBuildFile; fileRef = 100DA5C81AFE5EDA000A8DCE /* LaunchScreen.xib */; };
		100DA5D61AFE5EDB000A8DCE /* MyTwitchChannelTests.swift in Sources */ = {isa = PBXBuildFile; fileRef = 100DA5D51AFE5EDB000A8DCE /* MyTwitchChannelTests.swift */; };
/* End PBXBuildFile section */

/* Begin PBXContainerItemProxy section */
		100DA5D01AFE5EDB000A8DCE /* PBXContainerItemProxy */ = {
			isa = PBXContainerItemProxy;
			containerPortal = 100DA5B21AFE5EDA000A8DCE /* Project object */;
			proxyType = 1;
			remoteGlobalIDString = 100DA5B91AFE5EDA000A8DCE;
			remoteInfo = MyTwitchChannel;
		};
/* End PBXContainerItemProxy section */

/* Begin PBXFileReference section */
		100DA5BA1AFE5EDA000A8DCE /* MyTwitchChannel.app */ = {isa = PBXFileReference; explicitFileType = wrapper.application; includeInIndex = 0; path = MyTwitchChannel.app; sourceTree = BUILT_PRODUCTS_DIR; };
		100DA5BE1AFE5EDA000A8DCE /* Info.plist */ = {isa = PBXFileReference; lastKnownFileType = text.plist.xml; path = Info.plist; sourceTree = "<group>"; };
		100DA5BF1AFE5EDA000A8DCE /* AppDelegate.swift */ = {isa = PBXFileReference; lastKnownFileType = sourcecode.swift; path = AppDelegate.swift; sourceTree = "<group>"; };
		100DA5C11AFE5EDA000A8DCE /* ViewController.swift */ = {isa = PBXFileReference; lastKnownFileType = sourcecode.swift; path = ViewController.swift; sourceTree = "<group>"; };
		100DA5C41AFE5EDA000A8DCE /* Base */ = {isa = PBXFileReference; lastKnownFileType = file.storyboard; name = Base; path = Base.lproj/Main.storyboard; sourceTree = "<group>"; };
		100DA5C61AFE5EDA000A8DCE /* Images.xcassets */ = {isa = PBXFileReference; lastKnownFileType = folder.assetcatalog; path = Images.xcassets; sourceTree = "<group>"; };
		100DA5C91AFE5EDA000A8DCE /* Base */ = {isa = PBXFileReference; lastKnownFileType = file.xib; name = Base; path = Base.lproj/LaunchScreen.xib; sourceTree = "<group>"; };
		100DA5CF1AFE5EDB000A8DCE /* MyTwitchChannelTests.xctest */ = {isa = PBXFileReference; explicitFileType = wrapper.cfbundle; includeInIndex = 0; path = MyTwitchChannelTests.xctest; sourceTree = BUILT_PRODUCTS_DIR; };
		100DA5D41AFE5EDB000A8DCE /* Info.plist */ = {isa = PBXFileReference; lastKnownFileType = text.plist.xml; path = Info.plist; sourceTree = "<group>"; };
		100DA5D51AFE5EDB000A8DCE /* MyTwitchChannelTests.swift */ = {isa = PBXFileReference; lastKnownFileType = sourcecode.swift; path = MyTwitchChannelTests.swift; sourceTree = "<group>"; };
/* End PBXFileReference section */

/* Begin PBXFrameworksBuildPhase section */
		100DA5B71AFE5EDA000A8DCE /* Frameworks */ = {
			isa = PBXFrameworksBuildPhase;
			buildActionMask = 2147483647;
			files = (
			);
			runOnlyForDeploymentPostprocessing = 0;
		};
		100DA5CC1AFE5EDB000A8DCE /* Frameworks */ = {
			isa = PBXFrameworksBuildPhase;
			buildActionMask = 2147483647;
			files = (
			);
			runOnlyForDeploymentPostprocessing = 0;
		};
/* End PBXFrameworksBuildPhase section */

/* Begin PBXGroup section */
		100DA5B11AFE5EDA000A8DCE = {
			isa = PBXGroup;
			children = (
				100DA5BC1AFE5EDA000A8DCE /* MyTwitchChannel */,
				100DA5D21AFE5EDB000A8DCE /* MyTwitchChannelTests */,
				100DA5BB1AFE5EDA000A8DCE /* Products */,
			);
			sourceTree = "<group>";
		};
		100DA5BB1AFE5EDA000A8DCE /* Products */ = {
			isa = PBXGroup;
			children = (
				100DA5BA1AFE5EDA000A8DCE /* MyTwitchChannel.app */,
				100DA5CF1AFE5EDB000A8DCE /* MyTwitchChannelTests.xctest */,
			);
			name = Products;
			sourceTree = "<group>";
		};
		100DA5BC1AFE5EDA000A8DCE /* MyTwitchChannel */ = {
			isa = PBXGroup;
			children = (
				100DA5BF1AFE5EDA000A8DCE /* AppDelegate.swift */,
				100DA5C11AFE5EDA000A8DCE /* ViewController.swift */,
				100DA5C31AFE5EDA000A8DCE /* Main.storyboard */,
				100DA5C61AFE5EDA000A8DCE /* Images.xcassets */,
				100DA5C81AFE5EDA000A8DCE /* LaunchScreen.xib */,
				100DA5BD1AFE5EDA000A8DCE /* Supporting Files */,
			);
			path = MyTwitchChannel;
			sourceTree = "<group>";
		};
		100DA5BD1AFE5EDA000A8DCE /* Supporting Files */ = {
			isa = PBXGroup;
			children = (
				100DA5BE1AFE5EDA000A8DCE /* Info.plist */,
			);
			name = "Supporting Files";
			sourceTree = "<group>";
		};
		100DA5D21AFE5EDB000A8DCE /* MyTwitchChannelTests */ = {
			isa = PBXGroup;
			children = (
				100DA5D51AFE5EDB000A8DCE /* MyTwitchChannelTests.swift */,
				100DA5D31AFE5EDB000A8DCE /* Supporting Files */,
			);
			path = MyTwitchChannelTests;
			sourceTree = "<group>";
		};
		100DA5D31AFE5EDB000A8DCE /* Supporting Files */ = {
			isa = PBXGroup;
			children = (
				100DA5D41AFE5EDB000A8DCE /* Info.plist */,
			);
			name = "Supporting Files";
			sourceTree = "<group>";
		};
/* End PBXGroup section */

/* Begin PBXNativeTarget section */
		100DA5B91AFE5EDA000A8DCE /* MyTwitchChannel */ = {
			isa = PBXNativeTarget;
			buildConfigurationList = 100DA5D91AFE5EDB000A8DCE /* Build configuration list for PBXNativeTarget "MyTwitchChannel" */;
			buildPhases = (
				100DA5B61AFE5EDA000A8DCE /* Sources */,
				100DA5B71AFE5EDA000A8DCE /* Frameworks */,
				100DA5B81AFE5EDA000A8DCE /* Resources */,
			);
			buildRules = (
			);
			dependencies = (
			);
			name = MyTwitchChannel;
			productName = MyTwitchChannel;
			productReference = 100DA5BA1AFE5EDA000A8DCE /* MyTwitchChannel.app */;
			productType = "com.apple.product-type.application";
		};
		100DA5CE1AFE5EDB000A8DCE /* MyTwitchChannelTests */ = {
			isa = PBXNativeTarget;
			buildConfigurationList = 100DA5DC1AFE5EDB000A8DCE /* Build configuration list for PBXNativeTarget "MyTwitchChannelTests" */;
			buildPhases = (
				100DA5CB1AFE5EDB000A8DCE /* Sources */,
				100DA5CC1AFE5EDB000A8DCE /* Frameworks */,
				100DA5CD1AFE5EDB000A8DCE /* Resources */,
			);
			buildRules = (
			);
			dependencies = (
				100DA5D11AFE5EDB000A8DCE /* PBXTargetDependency */,
			);
			name = MyTwitchChannelTests;
			productName = MyTwitchChannelTests;
			productReference = 100DA5CF1AFE5EDB000A8DCE /* MyTwitchChannelTests.xctest */;
			productType = "com.apple.product-type.bundle.unit-test";
		};
/* End PBXNativeTarget section */

/* Begin PBXProject section */
		100DA5B21AFE5EDA000A8DCE /* Project object */ = {
			isa = PBXProject;
			attributes = {
				LastUpgradeCheck = 0630;
				ORGANIZATIONNAME = martijndevos;
				TargetAttributes = {
					100DA5B91AFE5EDA000A8DCE = {
						CreatedOnToolsVersion = 6.3.1;
						DevelopmentTeam = 5T9Z3WMJ28;
					};
					100DA5CE1AFE5EDB000A8DCE = {
						CreatedOnToolsVersion = 6.3.1;
						TestTargetID = 100DA5B91AFE5EDA000A8DCE;
					};
				};
			};
			buildConfigurationList = 100DA5B51AFE5EDA000A8DCE /* Build configuration list for PBXProject "MyTwitchChannel" */;
			compatibilityVersion = "Xcode 3.2";
			developmentRegion = English;
			hasScannedForEncodings = 0;
			knownRegions = (
				en,
				Base,
			);
			mainGroup = 100DA5B11AFE5EDA000A8DCE;
			productRefGroup = 100DA5BB1AFE5EDA000A8DCE /* Products */;
			projectDirPath = "";
			projectRoot = "";
			targets = (
				100DA5B91AFE5EDA000A8DCE /* MyTwitchChannel */,
				100DA5CE1AFE5EDB000A8DCE /* MyTwitchChannelTests */,
			);
		};
/* End PBXProject section */

/* Begin PBXResourcesBuildPhase section */
		100DA5B81AFE5EDA000A8DCE /* Resources */ = {
			isa = PBXResourcesBuildPhase;
			buildActionMask = 2147483647;
			files = (
				100DA5C51AFE5EDA000A8DCE /* Main.storyboard in Resources */,
				100DA5CA1AFE5EDA000A8DCE /* LaunchScreen.xib in Resources */,
				100DA5C71AFE5EDA000A8DCE /* Images.xcassets in Resources */,
			);
			runOnlyForDeploymentPostprocessing = 0;
		};
		100DA5CD1AFE5EDB000A8DCE /* Resources */ = {
			isa = PBXResourcesBuildPhase;
			buildActionMask = 2147483647;
			files = (
			);
			runOnlyForDeploymentPostprocessing = 0;
		};
/* End PBXResourcesBuildPhase section */

/* Begin PBXSourcesBuildPhase section */
		100DA5B61AFE5EDA000A8DCE /* Sources */ = {
			isa = PBXSourcesBuildPhase;
			buildActionMask = 2147483647;
			files = (
				100DA5C21AFE5EDA000A8DCE /* ViewController.swift in Sources */,
				100DA5C01AFE5EDA000A8DCE /* AppDelegate.swift in Sources */,
			);
			runOnlyForDeploymentPostprocessing = 0;
		};
		100DA5CB1AFE5EDB000A8DCE /* Sources */ = {
			isa = PBXSourcesBuildPhase;
			buildActionMask = 2147483647;
			files = (
				100DA5D61AFE5EDB000A8DCE /* MyTwitchChannelTests.swift in Sources */,
			);
			runOnlyForDeploymentPostprocessing = 0;
		};
/* End PBXSourcesBuildPhase section */

/* Begin PBXTargetDependency section */
		100DA5D11AFE5EDB000A8DCE /* PBXTargetDependency */ = {
			isa = PBXTargetDependency;
			target = 100DA5B91AFE5EDA000A8DCE /* MyTwitchChannel */;
			targetProxy = 100DA5D01AFE5EDB000A8DCE /* PBXContainerItemProxy */;
		};
/* End PBXTargetDependency section */

/* Begin PBXVariantGroup section */
		100DA5C31AFE5EDA000A8DCE /* Main.storyboard */ = {
			isa = PBXVariantGroup;
			children = (
				100DA5C41AFE5EDA000A8DCE /* Base */,
			);
			name = Main.storyboard;
			sourceTree = "<group>";
		};
		100DA5C81AFE5EDA000A8DCE /* LaunchScreen.xib */ = {
			isa = PBXVariantGroup;
			children = (
				100DA5C91AFE5EDA000A8DCE /* Base */,
			);
			name = LaunchScreen.xib;
			sourceTree = "<group>";
		};
/* End PBXVariantGroup section */

/* Begin XCBuildConfiguration section */
		100DA5D71AFE5EDB000A8DCE /* Debug */ = {
			isa = XCBuildConfiguration;
			buildSettings = {
				ALWAYS_SEARCH_USER_PATHS = NO;
				CLANG_CXX_LANGUAGE_STANDARD = "gnu++0x";
				CLANG_CXX_LIBRARY = "libc++";
				CLANG_ENABLE_MODULES = YES;
				CLANG_ENABLE_OBJC_ARC = YES;
				CLANG_WARN_BOOL_CONVERSION = YES;
				CLANG_WARN_CONSTANT_CONVERSION = YES;
				CLANG_WARN_DIRECT_OBJC_ISA_USAGE = YES_ERROR;
				CLANG_WARN_EMPTY_BODY = YES;
				CLANG_WARN_ENUM_CONVERSION = YES;
				CLANG_WARN_INT_CONVERSION = YES;
				CLANG_WARN_OBJC_ROOT_CLASS = YES_ERROR;
				CLANG_WARN_UNREACHABLE_CODE = YES;
				CLANG_WARN__DUPLICATE_METHOD_MATCH = YES;
				"CODE_SIGN_IDENTITY[sdk=iphoneos*]" = "iPhone Developer";
				COPY_PHASE_STRIP = NO;
				DEBUG_INFORMATION_FORMAT = "dwarf-with-dsym";
				ENABLE_STRICT_OBJC_MSGSEND = YES;
				GCC_C_LANGUAGE_STANDARD = gnu99;
				GCC_DYNAMIC_NO_PIC = NO;
				GCC_NO_COMMON_BLOCKS = YES;
				GCC_OPTIMIZATION_LEVEL = 0;
				GCC_PREPROCESSOR_DEFINITIONS = (
					"DEBUG=1",
					"$(inherited)",
				);
				GCC_SYMBOLS_PRIVATE_EXTERN = NO;
				GCC_WARN_64_TO_32_BIT_CONVERSION = YES;
				GCC_WARN_ABOUT_RETURN_TYPE = YES_ERROR;
				GCC_WARN_UNDECLARED_SELECTOR = YES;
				GCC_WARN_UNINITIALIZED_AUTOS = YES_AGGRESSIVE;
				GCC_WARN_UNUSED_FUNCTION = YES;
				GCC_WARN_UNUSED_VARIABLE = YES;
				IPHONEOS_DEPLOYMENT_TARGET = 8.3;
				MTL_ENABLE_DEBUG_INFO = YES;
				ONLY_ACTIVE_ARCH = YES;
				SDKROOT = iphoneos;
				SWIFT_OPTIMIZATION_LEVEL = "-Onone";
			};
			name = Debug;
		};
		100DA5D81AFE5EDB000A8DCE /* Release */ = {
			isa = XCBuildConfiguration;
			buildSettings = {
				ALWAYS_SEARCH_USER_PATHS = NO;
				CLANG_CXX_LANGUAGE_STANDARD = "gnu++0x";
				CLANG_CXX_LIBRARY = "libc++";
				CLANG_ENABLE_MODULES = YES;
				CLANG_ENABLE_OBJC_ARC = YES;
				CLANG_WARN_BOOL_CONVERSION = YES;
				CLANG_WARN_CONSTANT_CONVERSION = YES;
				CLANG_WARN_DIRECT_OBJC_ISA_USAGE = YES_ERROR;
				CLANG_WARN_EMPTY_BODY = YES;
				CLANG_WARN_ENUM_CONVERSION = YES;
				CLANG_WARN_INT_CONVERSION = YES;
				CLANG_WARN_OBJC_ROOT_CLASS = YES_ERROR;
				CLANG_WARN_UNREACHABLE_CODE = YES;
				CLANG_WARN__DUPLICATE_METHOD_MATCH = YES;
				"CODE_SIGN_IDENTITY[sdk=iphoneos*]" = "iPhone Developer";
				COPY_PHASE_STRIP = NO;
				DEBUG_INFORMATION_FORMAT = "dwarf-with-dsym";
				ENABLE_NS_ASSERTIONS = NO;
				ENABLE_STRICT_OBJC_MSGSEND = YES;
				GCC_C_LANGUAGE_STANDARD = gnu99;
				GCC_NO_COMMON_BLOCKS = YES;
				GCC_WARN_64_TO_32_BIT_CONVERSION = YES;
				GCC_WARN_ABOUT_RETURN_TYPE = YES_ERROR;
				GCC_WARN_UNDECLARED_SELECTOR = YES;
				GCC_WARN_UNINITIALIZED_AUTOS = YES_AGGRESSIVE;
				GCC_WARN_UNUSED_FUNCTION = YES;
				GCC_WARN_UNUSED_VARIABLE = YES;
				IPHONEOS_DEPLOYMENT_TARGET = 8.3;
				MTL_ENABLE_DEBUG_INFO = NO;
				SDKROOT = iphoneos;
				VALIDATE_PRODUCT = YES;
			};
			name = Release;
		};
		100DA5DA1AFE5EDB000A8DCE /* Debug */ = {
			isa = XCBuildConfiguration;
			buildSettings = {
				ASSETCATALOG_COMPILER_APPICON_NAME = AppIcon;
				CODE_SIGN_IDENTITY = "iPhone Developer";
				INFOPLIST_FILE = MyTwitchChannel/Info.plist;
				LD_RUNPATH_SEARCH_PATHS = "$(inherited) @executable_path/Frameworks";
				PRODUCT_NAME = "$(TARGET_NAME)";
			};
			name = Debug;
		};
		100DA5DB1AFE5EDB000A8DCE /* Release */ = {
			isa = XCBuildConfiguration;
			buildSettings = {
				ASSETCATALOG_COMPILER_APPICON_NAME = AppIcon;
				CODE_SIGN_IDENTITY = "iPhone Developer";
				INFOPLIST_FILE = MyTwitchChannel/Info.plist;
				LD_RUNPATH_SEARCH_PATHS = "$(inherited) @executable_path/Frameworks";
				PRODUCT_NAME = "$(TARGET_NAME)";
			};
			name = Release;
		};
		100DA5DD1AFE5EDB000A8DCE /* Debug */ = {
			isa = XCBuildConfiguration;
			buildSettings = {
				BUNDLE_LOADER = "$(TEST_HOST)";
				FRAMEWORK_SEARCH_PATHS = (
					"$(SDKROOT)/Developer/Library/Frameworks",
					"$(inherited)",
				);
				GCC_PREPROCESSOR_DEFINITIONS = (
					"DEBUG=1",
					"$(inherited)",
				);
				INFOPLIST_FILE = MyTwitchChannelTests/Info.plist;
				LD_RUNPATH_SEARCH_PATHS = "$(inherited) @executable_path/Frameworks @loader_path/Frameworks";
				PRODUCT_NAME = "$(TARGET_NAME)";
				TEST_HOST = "$(BUILT_PRODUCTS_DIR)/MyTwitchChannel.app/MyTwitchChannel";
			};
			name = Debug;
		};
		100DA5DE1AFE5EDB000A8DCE /* Release */ = {
			isa = XCBuildConfiguration;
			buildSettings = {
				BUNDLE_LOADER = "$(TEST_HOST)";
				FRAMEWORK_SEARCH_PATHS = (
					"$(SDKROOT)/Developer/Library/Frameworks",
					"$(inherited)",
				);
				INFOPLIST_FILE = MyTwitchChannelTests/Info.plist;
				LD_RUNPATH_SEARCH_PATHS = "$(inherited) @executable_path/Frameworks @loader_path/Frameworks";
				PRODUCT_NAME = "$(TARGET_NAME)";
				TEST_HOST = "$(BUILT_PRODUCTS_DIR)/MyTwitchChannel.app/MyTwitchChannel";
			};
			name = Release;
		};
/* End XCBuildConfiguration section */

/* Begin XCConfigurationList section */
		100DA5B51AFE5EDA000A8DCE /* Build configuration list for PBXProject "MyTwitchChannel" */ = {
			isa = XCConfigurationList;
			buildConfigurations = (
				100DA5D71AFE5EDB000A8DCE /* Debug */,
				100DA5D81AFE5EDB000A8DCE /* Release */,
			);
			defaultConfigurationIsVisible = 0;
			defaultConfigurationName = Release;
		};
		100DA5D91AFE5EDB000A8DCE /* Build configuration list for PBXNativeTarget "MyTwitchChannel" */ = {
			isa = XCConfigurationList;
			buildConfigurations = (
				100DA5DA1AFE5EDB000A8DCE /* Debug */,
				100DA5DB1AFE5EDB000A8DCE /* Release */,
			);
			defaultConfigurationIsVisible = 0;
		};
		100DA5DC1AFE5EDB000A8DCE /* Build configuration list for PBXNativeTarget "MyTwitchChannelTests" */ = {
			isa = XCConfigurationList;
			buildConfigurations = (
				100DA5DD1AFE5EDB000A8DCE /* Debug */,
				100DA5DE1AFE5EDB000A8DCE /* Release */,
			);
			defaultConfigurationIsVisible = 0;
		};
/* End XCConfigurationList section */
	};
	rootObject = 100DA5B21AFE5EDA000A8DCE /* Project object */;
}
